// !$*UTF8*$!
{
	archiveVersion = 1;
	classes = {
	};
	objectVersion = 56;
	objects = {

/* Begin PBXBuildFile section */
		CF324E952C5E237D0049A32A /* AlarmsView.swift in Sources */ = {isa = PBXBuildFile; fileRef = CF324E942C5E237D0049A32A /* AlarmsView.swift */; };
		CF324E982C5E23950049A32A /* StopwatchView.swift in Sources */ = {isa = PBXBuildFile; fileRef = CF324E972C5E23950049A32A /* StopwatchView.swift */; };
		CF324E9B2C5E24240049A32A /* TimersView.swift in Sources */ = {isa = PBXBuildFile; fileRef = CF324E9A2C5E24240049A32A /* TimersView.swift */; };
		CF324E9D2C5E7A430049A32A /* AlarmCell.swift in Sources */ = {isa = PBXBuildFile; fileRef = CF324E9C2C5E7A430049A32A /* AlarmCell.swift */; };
		CF324E9F2C5E95E10049A32A /* AlarmListView.swift in Sources */ = {isa = PBXBuildFile; fileRef = CF324E9E2C5E95E10049A32A /* AlarmListView.swift */; };
		CF38CBCC2C5D3CC0002B68F6 /* ClockApp.swift in Sources */ = {isa = PBXBuildFile; fileRef = CF38CBCB2C5D3CC0002B68F6 /* ClockApp.swift */; };
		CF38CBCE2C5D3CC0002B68F6 /* ContentView.swift in Sources */ = {isa = PBXBuildFile; fileRef = CF38CBCD2C5D3CC0002B68F6 /* ContentView.swift */; };
		CF38CBD02C5D3CC1002B68F6 /* Assets.xcassets in Resources */ = {isa = PBXBuildFile; fileRef = CF38CBCF2C5D3CC1002B68F6 /* Assets.xcassets */; };
		CF38CBD32C5D3CC1002B68F6 /* Preview Assets.xcassets in Resources */ = {isa = PBXBuildFile; fileRef = CF38CBD22C5D3CC1002B68F6 /* Preview Assets.xcassets */; };
		CF38CBDD2C5D3CC1002B68F6 /* ClockTests.swift in Sources */ = {isa = PBXBuildFile; fileRef = CF38CBDC2C5D3CC1002B68F6 /* ClockTests.swift */; };
		CF38CBE72C5D3CC1002B68F6 /* ClockUITests.swift in Sources */ = {isa = PBXBuildFile; fileRef = CF38CBE62C5D3CC1002B68F6 /* ClockUITests.swift */; };
		CF38CBE92C5D3CC1002B68F6 /* ClockUITestsLaunchTests.swift in Sources */ = {isa = PBXBuildFile; fileRef = CF38CBE82C5D3CC1002B68F6 /* ClockUITestsLaunchTests.swift */; };
		CF38CBF72C5D421B002B68F6 /* WorldClockView.swift in Sources */ = {isa = PBXBuildFile; fileRef = CF38CBF62C5D421B002B68F6 /* WorldClockView.swift */; };
		CF5998562C6FAD17007A99C4 /* AlarmModels.swift in Sources */ = {isa = PBXBuildFile; fileRef = CF5998552C6FAD17007A99C4 /* AlarmModels.swift */; };
		CFC6B6182C667CD800E1D2DC /* AddAlarmFormView.swift in Sources */ = {isa = PBXBuildFile; fileRef = CFC6B6172C667CD800E1D2DC /* AddAlarmFormView.swift */; };
		CFEE63AD2C5FCA990096EFD2 /* AddAlarmView.swift in Sources */ = {isa = PBXBuildFile; fileRef = CFEE63AC2C5FCA990096EFD2 /* AddAlarmView.swift */; };
/* End PBXBuildFile section */

/* Begin PBXContainerItemProxy section */
		CF38CBD92C5D3CC1002B68F6 /* PBXContainerItemProxy */ = {
			isa = PBXContainerItemProxy;
			containerPortal = CF38CBC02C5D3CC0002B68F6 /* Project object */;
			proxyType = 1;
			remoteGlobalIDString = CF38CBC72C5D3CC0002B68F6;
			remoteInfo = Clock;
		};
		CF38CBE32C5D3CC1002B68F6 /* PBXContainerItemProxy */ = {
			isa = PBXContainerItemProxy;
			containerPortal = CF38CBC02C5D3CC0002B68F6 /* Project object */;
			proxyType = 1;
			remoteGlobalIDString = CF38CBC72C5D3CC0002B68F6;
			remoteInfo = Clock;
		};
/* End PBXContainerItemProxy section */

/* Begin PBXFileReference section */
		CF324E942C5E237D0049A32A /* AlarmsView.swift */ = {isa = PBXFileReference; lastKnownFileType = sourcecode.swift; path = AlarmsView.swift; sourceTree = "<group>"; };
		CF324E972C5E23950049A32A /* StopwatchView.swift */ = {isa = PBXFileReference; lastKnownFileType = sourcecode.swift; path = StopwatchView.swift; sourceTree = "<group>"; };
		CF324E9A2C5E24240049A32A /* TimersView.swift */ = {isa = PBXFileReference; lastKnownFileType = sourcecode.swift; path = TimersView.swift; sourceTree = "<group>"; };
		CF324E9C2C5E7A430049A32A /* AlarmCell.swift */ = {isa = PBXFileReference; lastKnownFileType = sourcecode.swift; path = AlarmCell.swift; sourceTree = "<group>"; };
		CF324E9E2C5E95E10049A32A /* AlarmListView.swift */ = {isa = PBXFileReference; lastKnownFileType = sourcecode.swift; path = AlarmListView.swift; sourceTree = "<group>"; };
		CF38CBC82C5D3CC0002B68F6 /* Clock.app */ = {isa = PBXFileReference; explicitFileType = wrapper.application; includeInIndex = 0; path = Clock.app; sourceTree = BUILT_PRODUCTS_DIR; };
		CF38CBCB2C5D3CC0002B68F6 /* ClockApp.swift */ = {isa = PBXFileReference; lastKnownFileType = sourcecode.swift; path = ClockApp.swift; sourceTree = "<group>"; };
		CF38CBCD2C5D3CC0002B68F6 /* ContentView.swift */ = {isa = PBXFileReference; lastKnownFileType = sourcecode.swift; path = ContentView.swift; sourceTree = "<group>"; };
		CF38CBCF2C5D3CC1002B68F6 /* Assets.xcassets */ = {isa = PBXFileReference; lastKnownFileType = folder.assetcatalog; path = Assets.xcassets; sourceTree = "<group>"; };
		CF38CBD22C5D3CC1002B68F6 /* Preview Assets.xcassets */ = {isa = PBXFileReference; lastKnownFileType = folder.assetcatalog; path = "Preview Assets.xcassets"; sourceTree = "<group>"; };
		CF38CBD82C5D3CC1002B68F6 /* ClockTests.xctest */ = {isa = PBXFileReference; explicitFileType = wrapper.cfbundle; includeInIndex = 0; path = ClockTests.xctest; sourceTree = BUILT_PRODUCTS_DIR; };
		CF38CBDC2C5D3CC1002B68F6 /* ClockTests.swift */ = {isa = PBXFileReference; lastKnownFileType = sourcecode.swift; path = ClockTests.swift; sourceTree = "<group>"; };
		CF38CBE22C5D3CC1002B68F6 /* ClockUITests.xctest */ = {isa = PBXFileReference; explicitFileType = wrapper.cfbundle; includeInIndex = 0; path = ClockUITests.xctest; sourceTree = BUILT_PRODUCTS_DIR; };
		CF38CBE62C5D3CC1002B68F6 /* ClockUITests.swift */ = {isa = PBXFileReference; lastKnownFileType = sourcecode.swift; path = ClockUITests.swift; sourceTree = "<group>"; };
		CF38CBE82C5D3CC1002B68F6 /* ClockUITestsLaunchTests.swift */ = {isa = PBXFileReference; lastKnownFileType = sourcecode.swift; path = ClockUITestsLaunchTests.swift; sourceTree = "<group>"; };
		CF38CBF62C5D421B002B68F6 /* WorldClockView.swift */ = {isa = PBXFileReference; lastKnownFileType = sourcecode.swift; path = WorldClockView.swift; sourceTree = "<group>"; };
		CF5998552C6FAD17007A99C4 /* AlarmModels.swift */ = {isa = PBXFileReference; lastKnownFileType = sourcecode.swift; path = AlarmModels.swift; sourceTree = "<group>"; };
		CFC6B6172C667CD800E1D2DC /* AddAlarmFormView.swift */ = {isa = PBXFileReference; lastKnownFileType = sourcecode.swift; path = AddAlarmFormView.swift; sourceTree = "<group>"; };
		CFEE63AC2C5FCA990096EFD2 /* AddAlarmView.swift */ = {isa = PBXFileReference; lastKnownFileType = sourcecode.swift; path = AddAlarmView.swift; sourceTree = "<group>"; };
/* End PBXFileReference section */

/* Begin PBXFrameworksBuildPhase section */
		CF38CBC52C5D3CC0002B68F6 /* Frameworks */ = {
			isa = PBXFrameworksBuildPhase;
			buildActionMask = 2147483647;
			files = (
			);
			runOnlyForDeploymentPostprocessing = 0;
		};
		CF38CBD52C5D3CC1002B68F6 /* Frameworks */ = {
			isa = PBXFrameworksBuildPhase;
			buildActionMask = 2147483647;
			files = (
			);
			runOnlyForDeploymentPostprocessing = 0;
		};
		CF38CBDF2C5D3CC1002B68F6 /* Frameworks */ = {
			isa = PBXFrameworksBuildPhase;
			buildActionMask = 2147483647;
			files = (
			);
			runOnlyForDeploymentPostprocessing = 0;
		};
/* End PBXFrameworksBuildPhase section */

/* Begin PBXGroup section */
		CF324E8F2C5E22450049A32A /* World Clock */ = {
			isa = PBXGroup;
			children = (
				CF38CBF52C5D41FA002B68F6 /* Views */,
			);
			path = "World Clock";
			sourceTree = "<group>";
		};
		CF324E902C5E22510049A32A /* Alarms */ = {
			isa = PBXGroup;
			children = (
				CF324E932C5E22970049A32A /* Views */,
			);
			path = Alarms;
			sourceTree = "<group>";
		};
		CF324E912C5E22690049A32A /* Stopwatch */ = {
			isa = PBXGroup;
			children = (
				CF324E962C5E23830049A32A /* Views */,
			);
			path = Stopwatch;
			sourceTree = "<group>";
		};
		CF324E922C5E22760049A32A /* Timers */ = {
			isa = PBXGroup;
			children = (
				CF324E992C5E24120049A32A /* TimersView */,
			);
			path = Timers;
			sourceTree = "<group>";
		};
		CF324E932C5E22970049A32A /* Views */ = {
			isa = PBXGroup;
			children = (
				CF5998572C6FAD2B007A99C4 /* Models */,
				CF324E942C5E237D0049A32A /* AlarmsView.swift */,
				CF324E9C2C5E7A430049A32A /* AlarmCell.swift */,
				CF324E9E2C5E95E10049A32A /* AlarmListView.swift */,
				CFEE63AC2C5FCA990096EFD2 /* AddAlarmView.swift */,
				CFC6B6172C667CD800E1D2DC /* AddAlarmFormView.swift */,
			);
			path = Views;
			sourceTree = "<group>";
		};
		CF324E962C5E23830049A32A /* Views */ = {
			isa = PBXGroup;
			children = (
				CF324E972C5E23950049A32A /* StopwatchView.swift */,
			);
			path = Views;
			sourceTree = "<group>";
		};
		CF324E992C5E24120049A32A /* TimersView */ = {
			isa = PBXGroup;
			children = (
				CF324E9A2C5E24240049A32A /* TimersView.swift */,
			);
			path = TimersView;
			sourceTree = "<group>";
		};
		CF38CBBF2C5D3CC0002B68F6 = {
			isa = PBXGroup;
			children = (
				CF38CBCA2C5D3CC0002B68F6 /* Clock */,
				CF38CBDB2C5D3CC1002B68F6 /* ClockTests */,
				CF38CBE52C5D3CC1002B68F6 /* ClockUITests */,
				CF38CBC92C5D3CC0002B68F6 /* Products */,
			);
			sourceTree = "<group>";
		};
		CF38CBC92C5D3CC0002B68F6 /* Products */ = {
			isa = PBXGroup;
			children = (
				CF38CBC82C5D3CC0002B68F6 /* Clock.app */,
				CF38CBD82C5D3CC1002B68F6 /* ClockTests.xctest */,
				CF38CBE22C5D3CC1002B68F6 /* ClockUITests.xctest */,
			);
			name = Products;
			sourceTree = "<group>";
		};
		CF38CBCA2C5D3CC0002B68F6 /* Clock */ = {
			isa = PBXGroup;
			children = (
				CF324E922C5E22760049A32A /* Timers */,
				CF324E912C5E22690049A32A /* Stopwatch */,
				CF324E902C5E22510049A32A /* Alarms */,
				CF324E8F2C5E22450049A32A /* World Clock */,
				CF38CBCB2C5D3CC0002B68F6 /* ClockApp.swift */,
				CF38CBCD2C5D3CC0002B68F6 /* ContentView.swift */,
				CF38CBCF2C5D3CC1002B68F6 /* Assets.xcassets */,
				CF38CBD12C5D3CC1002B68F6 /* Preview Content */,
			);
			path = Clock;
			sourceTree = "<group>";
		};
		CF38CBD12C5D3CC1002B68F6 /* Preview Content */ = {
			isa = PBXGroup;
			children = (
				CF38CBD22C5D3CC1002B68F6 /* Preview Assets.xcassets */,
			);
			path = "Preview Content";
			sourceTree = "<group>";
		};
		CF38CBDB2C5D3CC1002B68F6 /* ClockTests */ = {
			isa = PBXGroup;
			children = (
				CF38CBDC2C5D3CC1002B68F6 /* ClockTests.swift */,
			);
			path = ClockTests;
			sourceTree = "<group>";
		};
		CF38CBE52C5D3CC1002B68F6 /* ClockUITests */ = {
			isa = PBXGroup;
			children = (
				CF38CBE62C5D3CC1002B68F6 /* ClockUITests.swift */,
				CF38CBE82C5D3CC1002B68F6 /* ClockUITestsLaunchTests.swift */,
			);
			path = ClockUITests;
			sourceTree = "<group>";
		};
		CF38CBF52C5D41FA002B68F6 /* Views */ = {
			isa = PBXGroup;
			children = (
				CF38CBF62C5D421B002B68F6 /* WorldClockView.swift */,
			);
			path = Views;
			sourceTree = "<group>";
		};
		CF5998572C6FAD2B007A99C4 /* Models */ = {
			isa = PBXGroup;
			children = (
				CF5998552C6FAD17007A99C4 /* AlarmModels.swift */,
			);
			path = Models;
			sourceTree = "<group>";
		};
/* End PBXGroup section */

/* Begin PBXNativeTarget section */
		CF38CBC72C5D3CC0002B68F6 /* Clock */ = {
			isa = PBXNativeTarget;
			buildConfigurationList = CF38CBEC2C5D3CC1002B68F6 /* Build configuration list for PBXNativeTarget "Clock" */;
			buildPhases = (
				CF38CBC42C5D3CC0002B68F6 /* Sources */,
				CF38CBC52C5D3CC0002B68F6 /* Frameworks */,
				CF38CBC62C5D3CC0002B68F6 /* Resources */,
			);
			buildRules = (
			);
			dependencies = (
			);
			name = Clock;
			productName = Clock;
			productReference = CF38CBC82C5D3CC0002B68F6 /* Clock.app */;
			productType = "com.apple.product-type.application";
		};
		CF38CBD72C5D3CC1002B68F6 /* ClockTests */ = {
			isa = PBXNativeTarget;
			buildConfigurationList = CF38CBEF2C5D3CC1002B68F6 /* Build configuration list for PBXNativeTarget "ClockTests" */;
			buildPhases = (
				CF38CBD42C5D3CC1002B68F6 /* Sources */,
				CF38CBD52C5D3CC1002B68F6 /* Frameworks */,
				CF38CBD62C5D3CC1002B68F6 /* Resources */,
			);
			buildRules = (
			);
			dependencies = (
				CF38CBDA2C5D3CC1002B68F6 /* PBXTargetDependency */,
			);
			name = ClockTests;
			productName = ClockTests;
			productReference = CF38CBD82C5D3CC1002B68F6 /* ClockTests.xctest */;
			productType = "com.apple.product-type.bundle.unit-test";
		};
		CF38CBE12C5D3CC1002B68F6 /* ClockUITests */ = {
			isa = PBXNativeTarget;
			buildConfigurationList = CF38CBF22C5D3CC1002B68F6 /* Build configuration list for PBXNativeTarget "ClockUITests" */;
			buildPhases = (
				CF38CBDE2C5D3CC1002B68F6 /* Sources */,
				CF38CBDF2C5D3CC1002B68F6 /* Frameworks */,
				CF38CBE02C5D3CC1002B68F6 /* Resources */,
			);
			buildRules = (
			);
			dependencies = (
				CF38CBE42C5D3CC1002B68F6 /* PBXTargetDependency */,
			);
			name = ClockUITests;
			productName = ClockUITests;
			productReference = CF38CBE22C5D3CC1002B68F6 /* ClockUITests.xctest */;
			productType = "com.apple.product-type.bundle.ui-testing";
		};
/* End PBXNativeTarget section */

/* Begin PBXProject section */
		CF38CBC02C5D3CC0002B68F6 /* Project object */ = {
			isa = PBXProject;
			attributes = {
				BuildIndependentTargetsInParallel = 1;
				LastSwiftUpdateCheck = 1510;
				LastUpgradeCheck = 1510;
				TargetAttributes = {
					CF38CBC72C5D3CC0002B68F6 = {
						CreatedOnToolsVersion = 15.1;
					};
					CF38CBD72C5D3CC1002B68F6 = {
						CreatedOnToolsVersion = 15.1;
						TestTargetID = CF38CBC72C5D3CC0002B68F6;
					};
					CF38CBE12C5D3CC1002B68F6 = {
						CreatedOnToolsVersion = 15.1;
						TestTargetID = CF38CBC72C5D3CC0002B68F6;
					};
				};
			};
			buildConfigurationList = CF38CBC32C5D3CC0002B68F6 /* Build configuration list for PBXProject "Clock" */;
			compatibilityVersion = "Xcode 14.0";
			developmentRegion = en;
			hasScannedForEncodings = 0;
			knownRegions = (
				en,
				Base,
			);
			mainGroup = CF38CBBF2C5D3CC0002B68F6;
			productRefGroup = CF38CBC92C5D3CC0002B68F6 /* Products */;
			projectDirPath = "";
			projectRoot = "";
			targets = (
				CF38CBC72C5D3CC0002B68F6 /* Clock */,
				CF38CBD72C5D3CC1002B68F6 /* ClockTests */,
				CF38CBE12C5D3CC1002B68F6 /* ClockUITests */,
			);
		};
/* End PBXProject section */

/* Begin PBXResourcesBuildPhase section */
		CF38CBC62C5D3CC0002B68F6 /* Resources */ = {
			isa = PBXResourcesBuildPhase;
			buildActionMask = 2147483647;
			files = (
				CF38CBD32C5D3CC1002B68F6 /* Preview Assets.xcassets in Resources */,
				CF38CBD02C5D3CC1002B68F6 /* Assets.xcassets in Resources */,
			);
			runOnlyForDeploymentPostprocessing = 0;
		};
		CF38CBD62C5D3CC1002B68F6 /* Resources */ = {
			isa = PBXResourcesBuildPhase;
			buildActionMask = 2147483647;
			files = (
			);
			runOnlyForDeploymentPostprocessing = 0;
		};
		CF38CBE02C5D3CC1002B68F6 /* Resources */ = {
			isa = PBXResourcesBuildPhase;
			buildActionMask = 2147483647;
			files = (
			);
			runOnlyForDeploymentPostprocessing = 0;
		};
/* End PBXResourcesBuildPhase section */

/* Begin PBXSourcesBuildPhase section */
		CF38CBC42C5D3CC0002B68F6 /* Sources */ = {
			isa = PBXSourcesBuildPhase;
			buildActionMask = 2147483647;
			files = (
				CF5998562C6FAD17007A99C4 /* AlarmModels.swift in Sources */,
				CF38CBCE2C5D3CC0002B68F6 /* ContentView.swift in Sources */,
				CF38CBF72C5D421B002B68F6 /* WorldClockView.swift in Sources */,
				CFC6B6182C667CD800E1D2DC /* AddAlarmFormView.swift in Sources */,
				CF324E9F2C5E95E10049A32A /* AlarmListView.swift in Sources */,
				CF324E952C5E237D0049A32A /* AlarmsView.swift in Sources */,
				CF324E9D2C5E7A430049A32A /* AlarmCell.swift in Sources */,
				CF324E982C5E23950049A32A /* StopwatchView.swift in Sources */,
				CF324E9B2C5E24240049A32A /* TimersView.swift in Sources */,
				CF38CBCC2C5D3CC0002B68F6 /* ClockApp.swift in Sources */,
				CFEE63AD2C5FCA990096EFD2 /* AddAlarmView.swift in Sources */,
			);
			runOnlyForDeploymentPostprocessing = 0;
		};
		CF38CBD42C5D3CC1002B68F6 /* Sources */ = {
			isa = PBXSourcesBuildPhase;
			buildActionMask = 2147483647;
			files = (
				CF38CBDD2C5D3CC1002B68F6 /* ClockTests.swift in Sources */,
			);
			runOnlyForDeploymentPostprocessing = 0;
		};
		CF38CBDE2C5D3CC1002B68F6 /* Sources */ = {
			isa = PBXSourcesBuildPhase;
			buildActionMask = 2147483647;
			files = (
				CF38CBE72C5D3CC1002B68F6 /* ClockUITests.swift in Sources */,
				CF38CBE92C5D3CC1002B68F6 /* ClockUITestsLaunchTests.swift in Sources */,
			);
			runOnlyForDeploymentPostprocessing = 0;
		};
/* End PBXSourcesBuildPhase section */

/* Begin PBXTargetDependency section */
		CF38CBDA2C5D3CC1002B68F6 /* PBXTargetDependency */ = {
			isa = PBXTargetDependency;
			target = CF38CBC72C5D3CC0002B68F6 /* Clock */;
			targetProxy = CF38CBD92C5D3CC1002B68F6 /* PBXContainerItemProxy */;
		};
		CF38CBE42C5D3CC1002B68F6 /* PBXTargetDependency */ = {
			isa = PBXTargetDependency;
			target = CF38CBC72C5D3CC0002B68F6 /* Clock */;
			targetProxy = CF38CBE32C5D3CC1002B68F6 /* PBXContainerItemProxy */;
		};
/* End PBXTargetDependency section */

/* Begin XCBuildConfiguration section */
		CF38CBEA2C5D3CC1002B68F6 /* Debug */ = {
			isa = XCBuildConfiguration;
			buildSettings = {
				ALWAYS_SEARCH_USER_PATHS = NO;
				ASSETCATALOG_COMPILER_GENERATE_SWIFT_ASSET_SYMBOL_EXTENSIONS = YES;
				CLANG_ANALYZER_NONNULL = YES;
				CLANG_ANALYZER_NUMBER_OBJECT_CONVERSION = YES_AGGRESSIVE;
				CLANG_CXX_LANGUAGE_STANDARD = "gnu++20";
				CLANG_ENABLE_MODULES = YES;
				CLANG_ENABLE_OBJC_ARC = YES;
				CLANG_ENABLE_OBJC_WEAK = YES;
				CLANG_WARN_BLOCK_CAPTURE_AUTORELEASING = YES;
				CLANG_WARN_BOOL_CONVERSION = YES;
				CLANG_WARN_COMMA = YES;
				CLANG_WARN_CONSTANT_CONVERSION = YES;
				CLANG_WARN_DEPRECATED_OBJC_IMPLEMENTATIONS = YES;
				CLANG_WARN_DIRECT_OBJC_ISA_USAGE = YES_ERROR;
				CLANG_WARN_DOCUMENTATION_COMMENTS = YES;
				CLANG_WARN_EMPTY_BODY = YES;
				CLANG_WARN_ENUM_CONVERSION = YES;
				CLANG_WARN_INFINITE_RECURSION = YES;
				CLANG_WARN_INT_CONVERSION = YES;
				CLANG_WARN_NON_LITERAL_NULL_CONVERSION = YES;
				CLANG_WARN_OBJC_IMPLICIT_RETAIN_SELF = YES;
				CLANG_WARN_OBJC_LITERAL_CONVERSION = YES;
				CLANG_WARN_OBJC_ROOT_CLASS = YES_ERROR;
				CLANG_WARN_QUOTED_INCLUDE_IN_FRAMEWORK_HEADER = YES;
				CLANG_WARN_RANGE_LOOP_ANALYSIS = YES;
				CLANG_WARN_STRICT_PROTOTYPES = YES;
				CLANG_WARN_SUSPICIOUS_MOVE = YES;
				CLANG_WARN_UNGUARDED_AVAILABILITY = YES_AGGRESSIVE;
				CLANG_WARN_UNREACHABLE_CODE = YES;
				CLANG_WARN__DUPLICATE_METHOD_MATCH = YES;
				COPY_PHASE_STRIP = NO;
				DEBUG_INFORMATION_FORMAT = dwarf;
				ENABLE_STRICT_OBJC_MSGSEND = YES;
				ENABLE_TESTABILITY = YES;
				ENABLE_USER_SCRIPT_SANDBOXING = YES;
				GCC_C_LANGUAGE_STANDARD = gnu17;
				GCC_DYNAMIC_NO_PIC = NO;
				GCC_NO_COMMON_BLOCKS = YES;
				GCC_OPTIMIZATION_LEVEL = 0;
				GCC_PREPROCESSOR_DEFINITIONS = (
					"DEBUG=1",
					"$(inherited)",
				);
				GCC_WARN_64_TO_32_BIT_CONVERSION = YES;
				GCC_WARN_ABOUT_RETURN_TYPE = YES_ERROR;
				GCC_WARN_UNDECLARED_SELECTOR = YES;
				GCC_WARN_UNINITIALIZED_AUTOS = YES_AGGRESSIVE;
				GCC_WARN_UNUSED_FUNCTION = YES;
				GCC_WARN_UNUSED_VARIABLE = YES;
				IPHONEOS_DEPLOYMENT_TARGET = 17.2;
				LOCALIZATION_PREFERS_STRING_CATALOGS = YES;
				MTL_ENABLE_DEBUG_INFO = INCLUDE_SOURCE;
				MTL_FAST_MATH = YES;
				ONLY_ACTIVE_ARCH = YES;
				SDKROOT = iphoneos;
				SWIFT_ACTIVE_COMPILATION_CONDITIONS = "DEBUG $(inherited)";
				SWIFT_OPTIMIZATION_LEVEL = "-Onone";
			};
			name = Debug;
		};
		CF38CBEB2C5D3CC1002B68F6 /* Release */ = {
			isa = XCBuildConfiguration;
			buildSettings = {
				ALWAYS_SEARCH_USER_PATHS = NO;
				ASSETCATALOG_COMPILER_GENERATE_SWIFT_ASSET_SYMBOL_EXTENSIONS = YES;
				CLANG_ANALYZER_NONNULL = YES;
				CLANG_ANALYZER_NUMBER_OBJECT_CONVERSION = YES_AGGRESSIVE;
				CLANG_CXX_LANGUAGE_STANDARD = "gnu++20";
				CLANG_ENABLE_MODULES = YES;
				CLANG_ENABLE_OBJC_ARC = YES;
				CLANG_ENABLE_OBJC_WEAK = YES;
				CLANG_WARN_BLOCK_CAPTURE_AUTORELEASING = YES;
				CLANG_WARN_BOOL_CONVERSION = YES;
				CLANG_WARN_COMMA = YES;
				CLANG_WARN_CONSTANT_CONVERSION = YES;
				CLANG_WARN_DEPRECATED_OBJC_IMPLEMENTATIONS = YES;
				CLANG_WARN_DIRECT_OBJC_ISA_USAGE = YES_ERROR;
				CLANG_WARN_DOCUMENTATION_COMMENTS = YES;
				CLANG_WARN_EMPTY_BODY = YES;
				CLANG_WARN_ENUM_CONVERSION = YES;
				CLANG_WARN_INFINITE_RECURSION = YES;
				CLANG_WARN_INT_CONVERSION = YES;
				CLANG_WARN_NON_LITERAL_NULL_CONVERSION = YES;
				CLANG_WARN_OBJC_IMPLICIT_RETAIN_SELF = YES;
				CLANG_WARN_OBJC_LITERAL_CONVERSION = YES;
				CLANG_WARN_OBJC_ROOT_CLASS = YES_ERROR;
				CLANG_WARN_QUOTED_INCLUDE_IN_FRAMEWORK_HEADER = YES;
				CLANG_WARN_RANGE_LOOP_ANALYSIS = YES;
				CLANG_WARN_STRICT_PROTOTYPES = YES;
				CLANG_WARN_SUSPICIOUS_MOVE = YES;
				CLANG_WARN_UNGUARDED_AVAILABILITY = YES_AGGRESSIVE;
				CLANG_WARN_UNREACHABLE_CODE = YES;
				CLANG_WARN__DUPLICATE_METHOD_MATCH = YES;
				COPY_PHASE_STRIP = NO;
				DEBUG_INFORMATION_FORMAT = "dwarf-with-dsym";
				ENABLE_NS_ASSERTIONS = NO;
				ENABLE_STRICT_OBJC_MSGSEND = YES;
				ENABLE_USER_SCRIPT_SANDBOXING = YES;
				GCC_C_LANGUAGE_STANDARD = gnu17;
				GCC_NO_COMMON_BLOCKS = YES;
				GCC_WARN_64_TO_32_BIT_CONVERSION = YES;
				GCC_WARN_ABOUT_RETURN_TYPE = YES_ERROR;
				GCC_WARN_UNDECLARED_SELECTOR = YES;
				GCC_WARN_UNINITIALIZED_AUTOS = YES_AGGRESSIVE;
				GCC_WARN_UNUSED_FUNCTION = YES;
				GCC_WARN_UNUSED_VARIABLE = YES;
				IPHONEOS_DEPLOYMENT_TARGET = 17.2;
				LOCALIZATION_PREFERS_STRING_CATALOGS = YES;
				MTL_ENABLE_DEBUG_INFO = NO;
				MTL_FAST_MATH = YES;
				SDKROOT = iphoneos;
				SWIFT_COMPILATION_MODE = wholemodule;
				VALIDATE_PRODUCT = YES;
			};
			name = Release;
		};
		CF38CBED2C5D3CC1002B68F6 /* Debug */ = {
			isa = XCBuildConfiguration;
			buildSettings = {
				ASSETCATALOG_COMPILER_APPICON_NAME = AppIcon;
				ASSETCATALOG_COMPILER_GLOBAL_ACCENT_COLOR_NAME = AccentColor;
				CODE_SIGN_STYLE = Automatic;
				CURRENT_PROJECT_VERSION = 1;
				DEVELOPMENT_ASSET_PATHS = "\"Clock/Preview Content\"";
				DEVELOPMENT_TEAM = D566BW3U4P;
				ENABLE_PREVIEWS = YES;
				GENERATE_INFOPLIST_FILE = YES;
				INFOPLIST_KEY_UIApplicationSceneManifest_Generation = YES;
				INFOPLIST_KEY_UIApplicationSupportsIndirectInputEvents = YES;
				INFOPLIST_KEY_UILaunchScreen_Generation = YES;
				INFOPLIST_KEY_UISupportedInterfaceOrientations_iPad = "UIInterfaceOrientationPortrait UIInterfaceOrientationPortraitUpsideDown UIInterfaceOrientationLandscapeLeft UIInterfaceOrientationLandscapeRight";
				INFOPLIST_KEY_UISupportedInterfaceOrientations_iPhone = "UIInterfaceOrientationPortrait UIInterfaceOrientationLandscapeLeft UIInterfaceOrientationLandscapeRight";
				LD_RUNPATH_SEARCH_PATHS = (
					"$(inherited)",
					"@executable_path/Frameworks",
				);
				MARKETING_VERSION = 1.0;
				PRODUCT_BUNDLE_IDENTIFIER = com.ShreeKrishna.Clock;
				PRODUCT_NAME = "$(TARGET_NAME)";
				SWIFT_EMIT_LOC_STRINGS = YES;
				SWIFT_VERSION = 5.0;
				TARGETED_DEVICE_FAMILY = "1,2";
			};
			name = Debug;
		};
		CF38CBEE2C5D3CC1002B68F6 /* Release */ = {
			isa = XCBuildConfiguration;
			buildSettings = {
				ASSETCATALOG_COMPILER_APPICON_NAME = AppIcon;
				ASSETCATALOG_COMPILER_GLOBAL_ACCENT_COLOR_NAME = AccentColor;
				CODE_SIGN_STYLE = Automatic;
				CURRENT_PROJECT_VERSION = 1;
				DEVELOPMENT_ASSET_PATHS = "\"Clock/Preview Content\"";
				DEVELOPMENT_TEAM = D566BW3U4P;
				ENABLE_PREVIEWS = YES;
				GENERATE_INFOPLIST_FILE = YES;
				INFOPLIST_KEY_UIApplicationSceneManifest_Generation = YES;
				INFOPLIST_KEY_UIApplicationSupportsIndirectInputEvents = YES;
				INFOPLIST_KEY_UILaunchScreen_Generation = YES;
				INFOPLIST_KEY_UISupportedInterfaceOrientations_iPad = "UIInterfaceOrientationPortrait UIInterfaceOrientationPortraitUpsideDown UIInterfaceOrientationLandscapeLeft UIInterfaceOrientationLandscapeRight";
				INFOPLIST_KEY_UISupportedInterfaceOrientations_iPhone = "UIInterfaceOrientationPortrait UIInterfaceOrientationLandscapeLeft UIInterfaceOrientationLandscapeRight";
				LD_RUNPATH_SEARCH_PATHS = (
					"$(inherited)",
					"@executable_path/Frameworks",
				);
				MARKETING_VERSION = 1.0;
				PRODUCT_BUNDLE_IDENTIFIER = com.ShreeKrishna.Clock;
				PRODUCT_NAME = "$(TARGET_NAME)";
				SWIFT_EMIT_LOC_STRINGS = YES;
				SWIFT_VERSION = 5.0;
				TARGETED_DEVICE_FAMILY = "1,2";
			};
			name = Release;
		};
		CF38CBF02C5D3CC1002B68F6 /* Debug */ = {
			isa = XCBuildConfiguration;
			buildSettings = {
				ALWAYS_EMBED_SWIFT_STANDARD_LIBRARIES = YES;
				BUNDLE_LOADER = "$(TEST_HOST)";
				CODE_SIGN_STYLE = Automatic;
				CURRENT_PROJECT_VERSION = 1;
				GENERATE_INFOPLIST_FILE = YES;
				IPHONEOS_DEPLOYMENT_TARGET = 17.2;
				MARKETING_VERSION = 1.0;
				PRODUCT_BUNDLE_IDENTIFIER = com.ShreeKrishna.ClockTests;
				PRODUCT_NAME = "$(TARGET_NAME)";
				SWIFT_EMIT_LOC_STRINGS = NO;
				SWIFT_VERSION = 5.0;
				TARGETED_DEVICE_FAMILY = "1,2";
				TEST_HOST = "$(BUILT_PRODUCTS_DIR)/Clock.app/$(BUNDLE_EXECUTABLE_FOLDER_PATH)/Clock";
			};
			name = Debug;
		};
		CF38CBF12C5D3CC1002B68F6 /* Release */ = {
			isa = XCBuildConfiguration;
			buildSettings = {
				ALWAYS_EMBED_SWIFT_STANDARD_LIBRARIES = YES;
				BUNDLE_LOADER = "$(TEST_HOST)";
				CODE_SIGN_STYLE = Automatic;
				CURRENT_PROJECT_VERSION = 1;
				GENERATE_INFOPLIST_FILE = YES;
				IPHONEOS_DEPLOYMENT_TARGET = 17.2;
				MARKETING_VERSION = 1.0;
				PRODUCT_BUNDLE_IDENTIFIER = com.ShreeKrishna.ClockTests;
				PRODUCT_NAME = "$(TARGET_NAME)";
				SWIFT_EMIT_LOC_STRINGS = NO;
				SWIFT_VERSION = 5.0;
				TARGETED_DEVICE_FAMILY = "1,2";
				TEST_HOST = "$(BUILT_PRODUCTS_DIR)/Clock.app/$(BUNDLE_EXECUTABLE_FOLDER_PATH)/Clock";
			};
			name = Release;
		};
		CF38CBF32C5D3CC1002B68F6 /* Debug */ = {
			isa = XCBuildConfiguration;
			buildSettings = {
				ALWAYS_EMBED_SWIFT_STANDARD_LIBRARIES = YES;
				CODE_SIGN_STYLE = Automatic;
				CURRENT_PROJECT_VERSION = 1;
				GENERATE_INFOPLIST_FILE = YES;
				MARKETING_VERSION = 1.0;
				PRODUCT_BUNDLE_IDENTIFIER = com.ShreeKrishna.ClockUITests;
				PRODUCT_NAME = "$(TARGET_NAME)";
				SWIFT_EMIT_LOC_STRINGS = NO;
				SWIFT_VERSION = 5.0;
				TARGETED_DEVICE_FAMILY = "1,2";
				TEST_TARGET_NAME = Clock;
			};
			name = Debug;
		};
		CF38CBF42C5D3CC1002B68F6 /* Release */ = {
			isa = XCBuildConfiguration;
			buildSettings = {
				ALWAYS_EMBED_SWIFT_STANDARD_LIBRARIES = YES;
				CODE_SIGN_STYLE = Automatic;
				CURRENT_PROJECT_VERSION = 1;
				GENERATE_INFOPLIST_FILE = YES;
				MARKETING_VERSION = 1.0;
				PRODUCT_BUNDLE_IDENTIFIER = com.ShreeKrishna.ClockUITests;
				PRODUCT_NAME = "$(TARGET_NAME)";
				SWIFT_EMIT_LOC_STRINGS = NO;
				SWIFT_VERSION = 5.0;
				TARGETED_DEVICE_FAMILY = "1,2";
				TEST_TARGET_NAME = Clock;
			};
			name = Release;
		};
/* End XCBuildConfiguration section */

/* Begin XCConfigurationList section */
		CF38CBC32C5D3CC0002B68F6 /* Build configuration list for PBXProject "Clock" */ = {
			isa = XCConfigurationList;
			buildConfigurations = (
				CF38CBEA2C5D3CC1002B68F6 /* Debug */,
				CF38CBEB2C5D3CC1002B68F6 /* Release */,
			);
			defaultConfigurationIsVisible = 0;
			defaultConfigurationName = Release;
		};
		CF38CBEC2C5D3CC1002B68F6 /* Build configuration list for PBXNativeTarget "Clock" */ = {
			isa = XCConfigurationList;
			buildConfigurations = (
				CF38CBED2C5D3CC1002B68F6 /* Debug */,
				CF38CBEE2C5D3CC1002B68F6 /* Release */,
			);
			defaultConfigurationIsVisible = 0;
			defaultConfigurationName = Release;
		};
		CF38CBEF2C5D3CC1002B68F6 /* Build configuration list for PBXNativeTarget "ClockTests" */ = {
			isa = XCConfigurationList;
			buildConfigurations = (
				CF38CBF02C5D3CC1002B68F6 /* Debug */,
				CF38CBF12C5D3CC1002B68F6 /* Release */,
			);
			defaultConfigurationIsVisible = 0;
			defaultConfigurationName = Release;
		};
		CF38CBF22C5D3CC1002B68F6 /* Build configuration list for PBXNativeTarget "ClockUITests" */ = {
			isa = XCConfigurationList;
			buildConfigurations = (
				CF38CBF32C5D3CC1002B68F6 /* Debug */,
				CF38CBF42C5D3CC1002B68F6 /* Release */,
			);
			defaultConfigurationIsVisible = 0;
			defaultConfigurationName = Release;
		};
/* End XCConfigurationList section */
	};
	rootObject = CF38CBC02C5D3CC0002B68F6 /* Project object */;
}
